// !$*UTF8*$!
{
	archiveVersion = 1;
	classes = {
	};
	objectVersion = 46;
	objects = {

/* Begin PBXBuildFile section */
		C314E7D51BBBA59C00D17436 /* FriendsViewController.swift in Sources */ = {isa = PBXBuildFile; fileRef = C314E7D41BBBA59C00D17436 /* FriendsViewController.swift */; };
		C35DB1E51BB5230B004FBB3D /* MapKit.framework in Frameworks */ = {isa = PBXBuildFile; fileRef = C35DB1E41BB5230B004FBB3D /* MapKit.framework */; };
		C39D84DB1BA7F9680080115C /* AppDelegate.swift in Sources */ = {isa = PBXBuildFile; fileRef = C39D84DA1BA7F9680080115C /* AppDelegate.swift */; };
		C39D84DD1BA7F9680080115C /* ViewController.swift in Sources */ = {isa = PBXBuildFile; fileRef = C39D84DC1BA7F9680080115C /* ViewController.swift */; };
		C39D84E01BA7F9680080115C /* Main.storyboard in Resources */ = {isa = PBXBuildFile; fileRef = C39D84DE1BA7F9680080115C /* Main.storyboard */; };
		C39D84E21BA7F9680080115C /* Images.xcassets in Resources */ = {isa = PBXBuildFile; fileRef = C39D84E11BA7F9680080115C /* Images.xcassets */; };
		C39D84E51BA7F9680080115C /* LaunchScreen.xib in Resources */ = {isa = PBXBuildFile; fileRef = C39D84E31BA7F9680080115C /* LaunchScreen.xib */; };
		C39D84F11BA7F9680080115C /* FindMyPeepsTests.swift in Sources */ = {isa = PBXBuildFile; fileRef = C39D84F01BA7F9680080115C /* FindMyPeepsTests.swift */; };
		C39D84FB1BA80B760080115C /* CoreLocation.framework in Frameworks */ = {isa = PBXBuildFile; fileRef = C39D84FA1BA80B760080115C /* CoreLocation.framework */; };
/* End PBXBuildFile section */

/* Begin PBXContainerItemProxy section */
		C39D84EB1BA7F9680080115C /* PBXContainerItemProxy */ = {
			isa = PBXContainerItemProxy;
			containerPortal = C39D84CD1BA7F9670080115C /* Project object */;
			proxyType = 1;
			remoteGlobalIDString = C39D84D41BA7F9670080115C;
			remoteInfo = FindMyPeeps;
		};
/* End PBXContainerItemProxy section */

/* Begin PBXFileReference section */
		C314E7D41BBBA59C00D17436 /* FriendsViewController.swift */ = {isa = PBXFileReference; fileEncoding = 4; lastKnownFileType = sourcecode.swift; path = FriendsViewController.swift; sourceTree = "<group>"; };
		C35DB1E41BB5230B004FBB3D /* MapKit.framework */ = {isa = PBXFileReference; lastKnownFileType = wrapper.framework; name = MapKit.framework; path = System/Library/Frameworks/MapKit.framework; sourceTree = SDKROOT; };
		C39D84D51BA7F9680080115C /* FindMyPeeps.app */ = {isa = PBXFileReference; explicitFileType = wrapper.application; includeInIndex = 0; path = FindMyPeeps.app; sourceTree = BUILT_PRODUCTS_DIR; };
		C39D84D91BA7F9680080115C /* Info.plist */ = {isa = PBXFileReference; lastKnownFileType = text.plist.xml; path = Info.plist; sourceTree = "<group>"; };
		C39D84DA1BA7F9680080115C /* AppDelegate.swift */ = {isa = PBXFileReference; lastKnownFileType = sourcecode.swift; path = AppDelegate.swift; sourceTree = "<group>"; };
		C39D84DC1BA7F9680080115C /* ViewController.swift */ = {isa = PBXFileReference; lastKnownFileType = sourcecode.swift; path = ViewController.swift; sourceTree = "<group>"; };
		C39D84DF1BA7F9680080115C /* Base */ = {isa = PBXFileReference; lastKnownFileType = file.storyboard; name = Base; path = Base.lproj/Main.storyboard; sourceTree = "<group>"; };
		C39D84E11BA7F9680080115C /* Images.xcassets */ = {isa = PBXFileReference; lastKnownFileType = folder.assetcatalog; path = Images.xcassets; sourceTree = "<group>"; };
		C39D84E41BA7F9680080115C /* Base */ = {isa = PBXFileReference; lastKnownFileType = file.xib; name = Base; path = Base.lproj/LaunchScreen.xib; sourceTree = "<group>"; };
		C39D84EA1BA7F9680080115C /* FindMyPeepsTests.xctest */ = {isa = PBXFileReference; explicitFileType = wrapper.cfbundle; includeInIndex = 0; path = FindMyPeepsTests.xctest; sourceTree = BUILT_PRODUCTS_DIR; };
		C39D84EF1BA7F9680080115C /* Info.plist */ = {isa = PBXFileReference; lastKnownFileType = text.plist.xml; path = Info.plist; sourceTree = "<group>"; };
		C39D84F01BA7F9680080115C /* FindMyPeepsTests.swift */ = {isa = PBXFileReference; lastKnownFileType = sourcecode.swift; path = FindMyPeepsTests.swift; sourceTree = "<group>"; };
		C39D84FA1BA80B760080115C /* CoreLocation.framework */ = {isa = PBXFileReference; lastKnownFileType = wrapper.framework; name = CoreLocation.framework; path = System/Library/Frameworks/CoreLocation.framework; sourceTree = SDKROOT; };
/* End PBXFileReference section */

/* Begin PBXFrameworksBuildPhase section */
		C39D84D21BA7F9670080115C /* Frameworks */ = {
			isa = PBXFrameworksBuildPhase;
			buildActionMask = 2147483647;
			files = (
				C35DB1E51BB5230B004FBB3D /* MapKit.framework in Frameworks */,
				C39D84FB1BA80B760080115C /* CoreLocation.framework in Frameworks */,
			);
			runOnlyForDeploymentPostprocessing = 0;
		};
		C39D84E71BA7F9680080115C /* Frameworks */ = {
			isa = PBXFrameworksBuildPhase;
			buildActionMask = 2147483647;
			files = (
			);
			runOnlyForDeploymentPostprocessing = 0;
		};
/* End PBXFrameworksBuildPhase section */

/* Begin PBXGroup section */
		C39D84CC1BA7F9670080115C = {
			isa = PBXGroup;
			children = (
				C35DB1E41BB5230B004FBB3D /* MapKit.framework */,
				C39D84FA1BA80B760080115C /* CoreLocation.framework */,
				C39D84D71BA7F9680080115C /* FindMyPeeps */,
				C39D84ED1BA7F9680080115C /* FindMyPeepsTests */,
				C39D84D61BA7F9680080115C /* Products */,
			);
			sourceTree = "<group>";
		};
		C39D84D61BA7F9680080115C /* Products */ = {
			isa = PBXGroup;
			children = (
				C39D84D51BA7F9680080115C /* FindMyPeeps.app */,
				C39D84EA1BA7F9680080115C /* FindMyPeepsTests.xctest */,
			);
			name = Products;
			sourceTree = "<group>";
		};
		C39D84D71BA7F9680080115C /* FindMyPeeps */ = {
			isa = PBXGroup;
			children = (
				C314E7D41BBBA59C00D17436 /* FriendsViewController.swift */,
				C39D84DA1BA7F9680080115C /* AppDelegate.swift */,
				C39D84DC1BA7F9680080115C /* ViewController.swift */,
				C39D84DE1BA7F9680080115C /* Main.storyboard */,
				C39D84E11BA7F9680080115C /* Images.xcassets */,
				C39D84E31BA7F9680080115C /* LaunchScreen.xib */,
				C39D84D81BA7F9680080115C /* Supporting Files */,
			);
			path = FindMyPeeps;
			sourceTree = "<group>";
		};
		C39D84D81BA7F9680080115C /* Supporting Files */ = {
			isa = PBXGroup;
			children = (
				C39D84D91BA7F9680080115C /* Info.plist */,
			);
			name = "Supporting Files";
			sourceTree = "<group>";
		};
		C39D84ED1BA7F9680080115C /* FindMyPeepsTests */ = {
			isa = PBXGroup;
			children = (
				C39D84F01BA7F9680080115C /* FindMyPeepsTests.swift */,
				C39D84EE1BA7F9680080115C /* Supporting Files */,
			);
			path = FindMyPeepsTests;
			sourceTree = "<group>";
		};
		C39D84EE1BA7F9680080115C /* Supporting Files */ = {
			isa = PBXGroup;
			children = (
				C39D84EF1BA7F9680080115C /* Info.plist */,
			);
			name = "Supporting Files";
			sourceTree = "<group>";
		};
/* End PBXGroup section */

/* Begin PBXNativeTarget section */
		C39D84D41BA7F9670080115C /* FindMyPeeps */ = {
			isa = PBXNativeTarget;
			buildConfigurationList = C39D84F41BA7F9680080115C /* Build configuration list for PBXNativeTarget "FindMyPeeps" */;
			buildPhases = (
				C39D84D11BA7F9670080115C /* Sources */,
				C39D84D21BA7F9670080115C /* Frameworks */,
				C39D84D31BA7F9670080115C /* Resources */,
			);
			buildRules = (
			);
			dependencies = (
			);
			name = FindMyPeeps;
			productName = FindMyPeeps;
			productReference = C39D84D51BA7F9680080115C /* FindMyPeeps.app */;
			productType = "com.apple.product-type.application";
		};
		C39D84E91BA7F9680080115C /* FindMyPeepsTests */ = {
			isa = PBXNativeTarget;
			buildConfigurationList = C39D84F71BA7F9680080115C /* Build configuration list for PBXNativeTarget "FindMyPeepsTests" */;
			buildPhases = (
				C39D84E61BA7F9680080115C /* Sources */,
				C39D84E71BA7F9680080115C /* Frameworks */,
				C39D84E81BA7F9680080115C /* Resources */,
			);
			buildRules = (
			);
			dependencies = (
				C39D84EC1BA7F9680080115C /* PBXTargetDependency */,
			);
			name = FindMyPeepsTests;
			productName = FindMyPeepsTests;
			productReference = C39D84EA1BA7F9680080115C /* FindMyPeepsTests.xctest */;
			productType = "com.apple.product-type.bundle.unit-test";
		};
/* End PBXNativeTarget section */

/* Begin PBXProject section */
		C39D84CD1BA7F9670080115C /* Project object */ = {
			isa = PBXProject;
			attributes = {
				LastUpgradeCheck = 0640;
				ORGANIZATIONNAME = "SkyRealm Studios";
				TargetAttributes = {
					C39D84D41BA7F9670080115C = {
						CreatedOnToolsVersion = 6.4;
					};
					C39D84E91BA7F9680080115C = {
						CreatedOnToolsVersion = 6.4;
						TestTargetID = C39D84D41BA7F9670080115C;
					};
				};
			};
			buildConfigurationList = C39D84D01BA7F9670080115C /* Build configuration list for PBXProject "FindMyPeeps" */;
			compatibilityVersion = "Xcode 3.2";
			developmentRegion = English;
			hasScannedForEncodings = 0;
			knownRegions = (
				en,
				Base,
			);
			mainGroup = C39D84CC1BA7F9670080115C;
			productRefGroup = C39D84D61BA7F9680080115C /* Products */;
			projectDirPath = "";
			projectRoot = "";
			targets = (
				C39D84D41BA7F9670080115C /* FindMyPeeps */,
				C39D84E91BA7F9680080115C /* FindMyPeepsTests */,
			);
		};
/* End PBXProject section */

/* Begin PBXResourcesBuildPhase section */
		C39D84D31BA7F9670080115C /* Resources */ = {
			isa = PBXResourcesBuildPhase;
			buildActionMask = 2147483647;
			files = (
				C39D84E01BA7F9680080115C /* Main.storyboard in Resources */,
				C39D84E51BA7F9680080115C /* LaunchScreen.xib in Resources */,
				C39D84E21BA7F9680080115C /* Images.xcassets in Resources */,
			);
			runOnlyForDeploymentPostprocessing = 0;
		};
		C39D84E81BA7F9680080115C /* Resources */ = {
			isa = PBXResourcesBuildPhase;
			buildActionMask = 2147483647;
			files = (
			);
			runOnlyForDeploymentPostprocessing = 0;
		};
/* End PBXResourcesBuildPhase section */

/* Begin PBXSourcesBuildPhase section */
		C39D84D11BA7F9670080115C /* Sources */ = {
			isa = PBXSourcesBuildPhase;
			buildActionMask = 2147483647;
			files = (
				C39D84DD1BA7F9680080115C /* ViewController.swift in Sources */,
				C314E7D51BBBA59C00D17436 /* FriendsViewController.swift in Sources */,
				C39D84DB1BA7F9680080115C /* AppDelegate.swift in Sources */,
			);
			runOnlyForDeploymentPostprocessing = 0;
		};
		C39D84E61BA7F9680080115C /* Sources */ = {
			isa = PBXSourcesBuildPhase;
			buildActionMask = 2147483647;
			files = (
				C39D84F11BA7F9680080115C /* FindMyPeepsTests.swift in Sources */,
			);
			runOnlyForDeploymentPostprocessing = 0;
		};
/* End PBXSourcesBuildPhase section */

/* Begin PBXTargetDependency section */
		C39D84EC1BA7F9680080115C /* PBXTargetDependency */ = {
			isa = PBXTargetDependency;
			target = C39D84D41BA7F9670080115C /* FindMyPeeps */;
			targetProxy = C39D84EB1BA7F9680080115C /* PBXContainerItemProxy */;
		};
/* End PBXTargetDependency section */

/* Begin PBXVariantGroup section */
		C39D84DE1BA7F9680080115C /* Main.storyboard */ = {
			isa = PBXVariantGroup;
			children = (
				C39D84DF1BA7F9680080115C /* Base */,
			);
			name = Main.storyboard;
			sourceTree = "<group>";
		};
		C39D84E31BA7F9680080115C /* LaunchScreen.xib */ = {
			isa = PBXVariantGroup;
			children = (
				C39D84E41BA7F9680080115C /* Base */,
			);
			name = LaunchScreen.xib;
			sourceTree = "<group>";
		};
/* End PBXVariantGroup section */

/* Begin XCBuildConfiguration section */
		C39D84F21BA7F9680080115C /* Debug */ = {
			isa = XCBuildConfiguration;
			buildSettings = {
				ALWAYS_SEARCH_USER_PATHS = NO;
				CLANG_CXX_LANGUAGE_STANDARD = "gnu++0x";
				CLANG_CXX_LIBRARY = "libc++";
				CLANG_ENABLE_MODULES = YES;
				CLANG_ENABLE_OBJC_ARC = YES;
				CLANG_WARN_BOOL_CONVERSION = YES;
				CLANG_WARN_CONSTANT_CONVERSION = YES;
				CLANG_WARN_DIRECT_OBJC_ISA_USAGE = YES_ERROR;
				CLANG_WARN_EMPTY_BODY = YES;
				CLANG_WARN_ENUM_CONVERSION = YES;
				CLANG_WARN_INT_CONVERSION = YES;
				CLANG_WARN_OBJC_ROOT_CLASS = YES_ERROR;
				CLANG_WARN_UNREACHABLE_CODE = YES;
				CLANG_WARN__DUPLICATE_METHOD_MATCH = YES;
				"CODE_SIGN_IDENTITY[sdk=iphoneos*]" = "iPhone Developer";
				COPY_PHASE_STRIP = NO;
				DEBUG_INFORMATION_FORMAT = "dwarf-with-dsym";
				ENABLE_STRICT_OBJC_MSGSEND = YES;
				GCC_C_LANGUAGE_STANDARD = gnu99;
				GCC_DYNAMIC_NO_PIC = NO;
				GCC_NO_COMMON_BLOCKS = YES;
				GCC_OPTIMIZATION_LEVEL = 0;
				GCC_PREPROCESSOR_DEFINITIONS = (
					"DEBUG=1",
					"$(inherited)",
				);
				GCC_SYMBOLS_PRIVATE_EXTERN = NO;
				GCC_WARN_64_TO_32_BIT_CONVERSION = YES;
				GCC_WARN_ABOUT_RETURN_TYPE = YES_ERROR;
				GCC_WARN_UNDECLARED_SELECTOR = YES;
				GCC_WARN_UNINITIALIZED_AUTOS = YES_AGGRESSIVE;
				GCC_WARN_UNUSED_FUNCTION = YES;
				GCC_WARN_UNUSED_VARIABLE = YES;
				IPHONEOS_DEPLOYMENT_TARGET = 8.4;
				MTL_ENABLE_DEBUG_INFO = YES;
				ONLY_ACTIVE_ARCH = YES;
				SDKROOT = iphoneos;
				SWIFT_OPTIMIZATION_LEVEL = "-Onone";
				TARGETED_DEVICE_FAMILY = "1,2";
			};
			name = Debug;
		};
		C39D84F31BA7F9680080115C /* Release */ = {
			isa = XCBuildConfiguration;
			buildSettings = {
				ALWAYS_SEARCH_USER_PATHS = NO;
				CLANG_CXX_LANGUAGE_STANDARD = "gnu++0x";
				CLANG_CXX_LIBRARY = "libc++";
				CLANG_ENABLE_MODULES = YES;
				CLANG_ENABLE_OBJC_ARC = YES;
				CLANG_WARN_BOOL_CONVERSION = YES;
				CLANG_WARN_CONSTANT_CONVERSION = YES;
				CLANG_WARN_DIRECT_OBJC_ISA_USAGE = YES_ERROR;
				CLANG_WARN_EMPTY_BODY = YES;
				CLANG_WARN_ENUM_CONVERSION = YES;
				CLANG_WARN_INT_CONVERSION = YES;
				CLANG_WARN_OBJC_ROOT_CLASS = YES_ERROR;
				CLANG_WARN_UNREACHABLE_CODE = YES;
				CLANG_WARN__DUPLICATE_METHOD_MATCH = YES;
				"CODE_SIGN_IDENTITY[sdk=iphoneos*]" = "iPhone Developer";
				COPY_PHASE_STRIP = NO;
				DEBUG_INFORMATION_FORMAT = "dwarf-with-dsym";
				ENABLE_NS_ASSERTIONS = NO;
				ENABLE_STRICT_OBJC_MSGSEND = YES;
				GCC_C_LANGUAGE_STANDARD = gnu99;
				GCC_NO_COMMON_BLOCKS = YES;
				GCC_WARN_64_TO_32_BIT_CONVERSION = YES;
				GCC_WARN_ABOUT_RETURN_TYPE = YES_ERROR;
				GCC_WARN_UNDECLARED_SELECTOR = YES;
				GCC_WARN_UNINITIALIZED_AUTOS = YES_AGGRESSIVE;
				GCC_WARN_UNUSED_FUNCTION = YES;
				GCC_WARN_UNUSED_VARIABLE = YES;
				IPHONEOS_DEPLOYMENT_TARGET = 8.4;
				MTL_ENABLE_DEBUG_INFO = NO;
				SDKROOT = iphoneos;
				TARGETED_DEVICE_FAMILY = "1,2";
				VALIDATE_PRODUCT = YES;
			};
			name = Release;
		};
		C39D84F51BA7F9680080115C /* Debug */ = {
			isa = XCBuildConfiguration;
			buildSettings = {
				ASSETCATALOG_COMPILER_APPICON_NAME = AppIcon;
				INFOPLIST_FILE = FindMyPeeps/Info.plist;
				LD_RUNPATH_SEARCH_PATHS = "$(inherited) @executable_path/Frameworks";
				PRODUCT_NAME = "$(TARGET_NAME)";
			};
			name = Debug;
		};
		C39D84F61BA7F9680080115C /* Release */ = {
			isa = XCBuildConfiguration;
			buildSettings = {
				ASSETCATALOG_COMPILER_APPICON_NAME = AppIcon;
				INFOPLIST_FILE = FindMyPeeps/Info.plist;
				LD_RUNPATH_SEARCH_PATHS = "$(inherited) @executable_path/Frameworks";
				PRODUCT_NAME = "$(TARGET_NAME)";
			};
			name = Release;
		};
		C39D84F81BA7F9680080115C /* Debug */ = {
			isa = XCBuildConfiguration;
			buildSettings = {
				BUNDLE_LOADER = "$(TEST_HOST)";
				FRAMEWORK_SEARCH_PATHS = (
					"$(SDKROOT)/Developer/Library/Frameworks",
					"$(inherited)",
				);
				GCC_PREPROCESSOR_DEFINITIONS = (
					"DEBUG=1",
					"$(inherited)",
				);
				INFOPLIST_FILE = FindMyPeepsTests/Info.plist;
				LD_RUNPATH_SEARCH_PATHS = "$(inherited) @executable_path/Frameworks @loader_path/Frameworks";
				PRODUCT_NAME = "$(TARGET_NAME)";
				TEST_HOST = "$(BUILT_PRODUCTS_DIR)/FindMyPeeps.app/FindMyPeeps";
			};
			name = Debug;
		};
		C39D84F91BA7F9680080115C /* Release */ = {
			isa = XCBuildConfiguration;
			buildSettings = {
				BUNDLE_LOADER = "$(TEST_HOST)";
				FRAMEWORK_SEARCH_PATHS = (
					"$(SDKROOT)/Developer/Library/Frameworks",
					"$(inherited)",
				);
				INFOPLIST_FILE = FindMyPeepsTests/Info.plist;
				LD_RUNPATH_SEARCH_PATHS = "$(inherited) @executable_path/Frameworks @loader_path/Frameworks";
				PRODUCT_NAME = "$(TARGET_NAME)";
				TEST_HOST = "$(BUILT_PRODUCTS_DIR)/FindMyPeeps.app/FindMyPeeps";
			};
			name = Release;
		};
/* End XCBuildConfiguration section */

/* Begin XCConfigurationList section */
		C39D84D01BA7F9670080115C /* Build configuration list for PBXProject "FindMyPeeps" */ = {
			isa = XCConfigurationList;
			buildConfigurations = (
				C39D84F21BA7F9680080115C /* Debug */,
				C39D84F31BA7F9680080115C /* Release */,
			);
			defaultConfigurationIsVisible = 0;
			defaultConfigurationName = Release;
		};
		C39D84F41BA7F9680080115C /* Build configuration list for PBXNativeTarget "FindMyPeeps" */ = {
			isa = XCConfigurationList;
			buildConfigurations = (
				C39D84F51BA7F9680080115C /* Debug */,
				C39D84F61BA7F9680080115C /* Release */,
			);
			defaultConfigurationIsVisible = 0;
			defaultConfigurationName = Release;
		};
		C39D84F71BA7F9680080115C /* Build configuration list for PBXNativeTarget "FindMyPeepsTests" */ = {
			isa = XCConfigurationList;
			buildConfigurations = (
				C39D84F81BA7F9680080115C /* Debug */,
				C39D84F91BA7F9680080115C /* Release */,
			);
			defaultConfigurationIsVisible = 0;
			defaultConfigurationName = Release;
		};
/* End XCConfigurationList section */
	};
	rootObject = C39D84CD1BA7F9670080115C /* Project object */;
}
